
Microsoft Visual Studio Solution File, Format Version 12.00
# Visual Studio Version 17
VisualStudioVersion = 17.14.36705.20 d17.14
MinimumVisualStudioVersion = 10.0.40219.1
Project("{FAE04EC0-301F-11D3-BF4B-00C04F79EFBC}") = "CroxMod", "CroxMod\CroxMod.csproj", "{D8CD9B90-7782-4962-BE56-2208C43E3DF0}"
EndProject
Global
	GlobalSection(SolutionConfigurationPlatforms) = preSolution
		Debug|Any CPU = Debug|Any CPU
		Release|Any CPU = Release|Any CPU
	EndGlobalSection
	GlobalSection(ProjectConfigurationPlatforms) = postSolution
		{D8CD9B90-7782-4962-BE56-2208C43E3DF0}.Debug|Any CPU.ActiveCfg = Debug|Any CPU
		{D8CD9B90-7782-4962-BE56-2208C43E3DF0}.Debug|Any CPU.Build.0 = Debug|Any CPU
		{D8CD9B90-7782-4962-BE56-2208C43E3DF0}.Release|Any CPU.ActiveCfg = Release|Any CPU
		{D8CD9B90-7782-4962-BE56-2208C43E3DF0}.Release|Any CPU.Build.0 = Release|Any CPU
	EndGlobalSection
	GlobalSection(SolutionProperties) = preSolution
		HideSolutionNode = FALSE
	EndGlobalSection
	GlobalSection(ExtensibilityGlobals) = postSolution
		SolutionGuid = {00D9E830-CC9A-4FB4-B817-0BBAF7D3DAA9}
	EndGlobalSection
EndGlobal
